
Microsoft Visual Studio Solution File, Format Version 12.00
# Visual Studio Version 17
VisualStudioVersion = 17.2.32630.192
MinimumVisualStudioVersion = 10.0.40219.1
Project("{FAE04EC0-301F-11D3-BF4B-00C04F79EFBC}") = "ShahadaBD", "ShahadaBD\ShahadaBD.csproj", "{E245AAE3-52F8-4B97-AC2E-18D0492A16E2}"
EndProject
Global
	GlobalSection(SolutionConfigurationPlatforms) = preSolution
		Debug|Any CPU = Debug|Any CPU
		Release|Any CPU = Release|Any CPU
	EndGlobalSection
	GlobalSection(ProjectConfigurationPlatforms) = postSolution
		{E245AAE3-52F8-4B97-AC2E-18D0492A16E2}.Debug|Any CPU.ActiveCfg = Debug|Any CPU
		{E245AAE3-52F8-4B97-AC2E-18D0492A16E2}.Debug|Any CPU.Build.0 = Debug|Any CPU
		{E245AAE3-52F8-4B97-AC2E-18D0492A16E2}.Release|Any CPU.ActiveCfg = Release|Any CPU
		{E245AAE3-52F8-4B97-AC2E-18D0492A16E2}.Release|Any CPU.Build.0 = Release|Any CPU
	EndGlobalSection
	GlobalSection(SolutionProperties) = preSolution
		HideSolutionNode = FALSE
	EndGlobalSection
	GlobalSection(ExtensibilityGlobals) = postSolution
		SolutionGuid = {70047AC8-E833-49C1-AE4D-C9D10ADD68D6}
	EndGlobalSection
EndGlobal
